
Microsoft Visual Studio Solution File, Format Version 12.00
# Visual Studio 15
VisualStudioVersion = 15.0.27428.1
MinimumVisualStudioVersion = 10.0.40219.1
Project("{FAE04EC0-301F-11D3-BF4B-00C04F79EFBC}") = "BinômioDeNewtonDaniela", "BinômioDeNewtonDaniela\BinômioDeNewtonDaniela.csproj", "{C0D8F117-E166-4890-B68A-2283F86F16AE}"
EndProject
Global
	GlobalSection(SolutionConfigurationPlatforms) = preSolution
		Debug|Any CPU = Debug|Any CPU
		Release|Any CPU = Release|Any CPU
	EndGlobalSection
	GlobalSection(ProjectConfigurationPlatforms) = postSolution
		{C0D8F117-E166-4890-B68A-2283F86F16AE}.Debug|Any CPU.ActiveCfg = Debug|Any CPU
		{C0D8F117-E166-4890-B68A-2283F86F16AE}.Debug|Any CPU.Build.0 = Debug|Any CPU
		{C0D8F117-E166-4890-B68A-2283F86F16AE}.Release|Any CPU.ActiveCfg = Release|Any CPU
		{C0D8F117-E166-4890-B68A-2283F86F16AE}.Release|Any CPU.Build.0 = Release|Any CPU
	EndGlobalSection
	GlobalSection(SolutionProperties) = preSolution
		HideSolutionNode = FALSE
	EndGlobalSection
	GlobalSection(ExtensibilityGlobals) = postSolution
		SolutionGuid = {A8FAD354-9D5C-43B9-BF93-CF43F4564EA9}
	EndGlobalSection
EndGlobal
